// !$*UTF8*$!
{
	archiveVersion = 1;
	classes = {
	};
	objectVersion = 56;
	objects = {

/* Begin PBXBuildFile section */
		4229C0DE29F94F2A006ADFE4 /* AppDelegate.swift in Sources */ = {isa = PBXBuildFile; fileRef = 4229C0DD29F94F2A006ADFE4 /* AppDelegate.swift */; };
		4229C0E029F94F2A006ADFE4 /* SceneDelegate.swift in Sources */ = {isa = PBXBuildFile; fileRef = 4229C0DF29F94F2A006ADFE4 /* SceneDelegate.swift */; };
		4229C0E229F94F2A006ADFE4 /* RMTabBarController.swift in Sources */ = {isa = PBXBuildFile; fileRef = 4229C0E129F94F2A006ADFE4 /* RMTabBarController.swift */; };
		4229C0E729F94F32006ADFE4 /* Assets.xcassets in Resources */ = {isa = PBXBuildFile; fileRef = 4229C0E629F94F32006ADFE4 /* Assets.xcassets */; };
		4229C0EA29F94F32006ADFE4 /* LaunchScreen.storyboard in Resources */ = {isa = PBXBuildFile; fileRef = 4229C0E829F94F32006ADFE4 /* LaunchScreen.storyboard */; };
		4229C0F929F951AA006ADFE4 /* RMLocation.swift in Sources */ = {isa = PBXBuildFile; fileRef = 4229C0F829F951AA006ADFE4 /* RMLocation.swift */; };
		4229C0FB29F951B8006ADFE4 /* RMCharacter.swift in Sources */ = {isa = PBXBuildFile; fileRef = 4229C0FA29F951B8006ADFE4 /* RMCharacter.swift */; };
		4229C0FD29F951D0006ADFE4 /* RMEpisode.swift in Sources */ = {isa = PBXBuildFile; fileRef = 4229C0FC29F951D0006ADFE4 /* RMEpisode.swift */; };
		4229C10029F9526B006ADFE4 /* RMCharactersViewController.swift in Sources */ = {isa = PBXBuildFile; fileRef = 4229C0FF29F9526B006ADFE4 /* RMCharactersViewController.swift */; };
		4229C10229F95280006ADFE4 /* RMLocationsViewController.swift in Sources */ = {isa = PBXBuildFile; fileRef = 4229C10129F95280006ADFE4 /* RMLocationsViewController.swift */; };
		4229C10429F95293006ADFE4 /* RMEpisodesViewController.swift in Sources */ = {isa = PBXBuildFile; fileRef = 4229C10329F95293006ADFE4 /* RMEpisodesViewController.swift */; };
		4229C10629F952AF006ADFE4 /* RMSettingsViewController.swift in Sources */ = {isa = PBXBuildFile; fileRef = 4229C10529F952AF006ADFE4 /* RMSettingsViewController.swift */; };
		42C2218529F9608000FBBC13 /* RMService.swift in Sources */ = {isa = PBXBuildFile; fileRef = 42C2218429F9608000FBBC13 /* RMService.swift */; };
		42C2218729F960A000FBBC13 /* RMRequest.swift in Sources */ = {isa = PBXBuildFile; fileRef = 42C2218629F960A000FBBC13 /* RMRequest.swift */; };
		42C2218929F9614E00FBBC13 /* RMEndpoint.swift in Sources */ = {isa = PBXBuildFile; fileRef = 42C2218829F9614E00FBBC13 /* RMEndpoint.swift */; };
		42C2218D29F98D1100FBBC13 /* RMGetAllCharacterRespons.swift in Sources */ = {isa = PBXBuildFile; fileRef = 42C2218C29F98D1100FBBC13 /* RMGetAllCharacterRespons.swift */; };
		42C2218F29F99FDF00FBBC13 /* RMCharacterListViewViewModel.swift in Sources */ = {isa = PBXBuildFile; fileRef = 42C2218E29F99FDF00FBBC13 /* RMCharacterListViewViewModel.swift */; };
		42C2219129F9A04800FBBC13 /* RMCharacterListView.swift in Sources */ = {isa = PBXBuildFile; fileRef = 42C2219029F9A04800FBBC13 /* RMCharacterListView.swift */; };
		42C2219329FA78C200FBBC13 /* Extensions.swift in Sources */ = {isa = PBXBuildFile; fileRef = 42C2219229FA78C200FBBC13 /* Extensions.swift */; };
		42C2219529FAD26500FBBC13 /* RMCharacterCollectionViewCell.swift in Sources */ = {isa = PBXBuildFile; fileRef = 42C2219429FAD26500FBBC13 /* RMCharacterCollectionViewCell.swift */; };
		42C2219729FAD3AD00FBBC13 /* RMCharacterCollectionViewCellViewModel.swift in Sources */ = {isa = PBXBuildFile; fileRef = 42C2219629FAD3AD00FBBC13 /* RMCharacterCollectionViewCellViewModel.swift */; };
		42C2219A29FFCD1E00FBBC13 /* RMCharacterDetailViewController.swift in Sources */ = {isa = PBXBuildFile; fileRef = 42C2219929FFCD1E00FBBC13 /* RMCharacterDetailViewController.swift */; };
		42C2219C29FFCE2A00FBBC13 /* RMCharacterDetailView.swift in Sources */ = {isa = PBXBuildFile; fileRef = 42C2219B29FFCE2A00FBBC13 /* RMCharacterDetailView.swift */; };
		42C2219E29FFCE6400FBBC13 /* RMCharacterDetailViewViewModel.swift in Sources */ = {isa = PBXBuildFile; fileRef = 42C2219D29FFCE6400FBBC13 /* RMCharacterDetailViewViewModel.swift */; };
		42C221A02A03CDD000FBBC13 /* RMFooterLoadingCollectionReusableView.swift in Sources */ = {isa = PBXBuildFile; fileRef = 42C2219F2A03CDD000FBBC13 /* RMFooterLoadingCollectionReusableView.swift */; };
		42C221A22A040EC400FBBC13 /* RMImageLoader.swift in Sources */ = {isa = PBXBuildFile; fileRef = 42C221A12A040EC400FBBC13 /* RMImageLoader.swift */; };
		42C221A62A05251800FBBC13 /* RMCharacterPhotoCollectionViewCell.swift in Sources */ = {isa = PBXBuildFile; fileRef = 42C221A52A05251800FBBC13 /* RMCharacterPhotoCollectionViewCell.swift */; };
		42C221A82A05252B00FBBC13 /* RMCharacterInfoCollectionViewCell.swift in Sources */ = {isa = PBXBuildFile; fileRef = 42C221A72A05252B00FBBC13 /* RMCharacterInfoCollectionViewCell.swift */; };
		42C221AA2A05253F00FBBC13 /* RMCharacterEpisodeCollectionViewCell.swift in Sources */ = {isa = PBXBuildFile; fileRef = 42C221A92A05253F00FBBC13 /* RMCharacterEpisodeCollectionViewCell.swift */; };
		42C221AD2A0525C000FBBC13 /* RMCharacterPhotoCollectionViewCellViewModel.swift in Sources */ = {isa = PBXBuildFile; fileRef = 42C221AC2A0525C000FBBC13 /* RMCharacterPhotoCollectionViewCellViewModel.swift */; };
		42C221AF2A0525E400FBBC13 /* RMCharacterInfoCollectionViewCellViewModel.swift in Sources */ = {isa = PBXBuildFile; fileRef = 42C221AE2A0525E400FBBC13 /* RMCharacterInfoCollectionViewCellViewModel.swift */; };
		42C221B12A0525F800FBBC13 /* RMCharacterEpisodeCollectionViewCellViewModel.swift in Sources */ = {isa = PBXBuildFile; fileRef = 42C221B02A0525F800FBBC13 /* RMCharacterEpisodeCollectionViewCellViewModel.swift */; };
		42C221B32A0A39A200FBBC13 /* RMEpisodeDetailViewController.swift in Sources */ = {isa = PBXBuildFile; fileRef = 42C221B22A0A39A100FBBC13 /* RMEpisodeDetailViewController.swift */; };
		42C221B52A0A8E3600FBBC13 /* RMAPICacheManager.swift in Sources */ = {isa = PBXBuildFile; fileRef = 42C221B42A0A8E3400FBBC13 /* RMAPICacheManager.swift */; };
		42C221B82A0A97CF00FBBC13 /* RMEpisodeDetailViewViewModel.swift in Sources */ = {isa = PBXBuildFile; fileRef = 42C221B72A0A97CF00FBBC13 /* RMEpisodeDetailViewViewModel.swift */; };
		42C221BA2A0A984A00FBBC13 /* RMEpisodeDetailView.swift in Sources */ = {isa = PBXBuildFile; fileRef = 42C221B92A0A984A00FBBC13 /* RMEpisodeDetailView.swift */; };
/* End PBXBuildFile section */

/* Begin PBXFileReference section */
		4229C0DA29F94F2A006ADFE4 /* RickAndMorty.app */ = {isa = PBXFileReference; explicitFileType = wrapper.application; includeInIndex = 0; path = RickAndMorty.app; sourceTree = BUILT_PRODUCTS_DIR; };
		4229C0DD29F94F2A006ADFE4 /* AppDelegate.swift */ = {isa = PBXFileReference; lastKnownFileType = sourcecode.swift; path = AppDelegate.swift; sourceTree = "<group>"; };
		4229C0DF29F94F2A006ADFE4 /* SceneDelegate.swift */ = {isa = PBXFileReference; lastKnownFileType = sourcecode.swift; path = SceneDelegate.swift; sourceTree = "<group>"; };
		4229C0E129F94F2A006ADFE4 /* RMTabBarController.swift */ = {isa = PBXFileReference; lastKnownFileType = sourcecode.swift; path = RMTabBarController.swift; sourceTree = "<group>"; };
		4229C0E629F94F32006ADFE4 /* Assets.xcassets */ = {isa = PBXFileReference; lastKnownFileType = folder.assetcatalog; path = Assets.xcassets; sourceTree = "<group>"; };
		4229C0E929F94F32006ADFE4 /* Base */ = {isa = PBXFileReference; lastKnownFileType = file.storyboard; name = Base; path = Base.lproj/LaunchScreen.storyboard; sourceTree = "<group>"; };
		4229C0EB29F94F32006ADFE4 /* Info.plist */ = {isa = PBXFileReference; lastKnownFileType = text.plist.xml; path = Info.plist; sourceTree = "<group>"; };
		4229C0F829F951AA006ADFE4 /* RMLocation.swift */ = {isa = PBXFileReference; lastKnownFileType = sourcecode.swift; path = RMLocation.swift; sourceTree = "<group>"; };
		4229C0FA29F951B8006ADFE4 /* RMCharacter.swift */ = {isa = PBXFileReference; lastKnownFileType = sourcecode.swift; path = RMCharacter.swift; sourceTree = "<group>"; };
		4229C0FC29F951D0006ADFE4 /* RMEpisode.swift */ = {isa = PBXFileReference; lastKnownFileType = sourcecode.swift; path = RMEpisode.swift; sourceTree = "<group>"; };
		4229C0FF29F9526B006ADFE4 /* RMCharactersViewController.swift */ = {isa = PBXFileReference; lastKnownFileType = sourcecode.swift; path = RMCharactersViewController.swift; sourceTree = "<group>"; };
		4229C10129F95280006ADFE4 /* RMLocationsViewController.swift */ = {isa = PBXFileReference; lastKnownFileType = sourcecode.swift; path = RMLocationsViewController.swift; sourceTree = "<group>"; };
		4229C10329F95293006ADFE4 /* RMEpisodesViewController.swift */ = {isa = PBXFileReference; lastKnownFileType = sourcecode.swift; path = RMEpisodesViewController.swift; sourceTree = "<group>"; };
		4229C10529F952AF006ADFE4 /* RMSettingsViewController.swift */ = {isa = PBXFileReference; lastKnownFileType = sourcecode.swift; path = RMSettingsViewController.swift; sourceTree = "<group>"; };
		42C2218429F9608000FBBC13 /* RMService.swift */ = {isa = PBXFileReference; lastKnownFileType = sourcecode.swift; path = RMService.swift; sourceTree = "<group>"; };
		42C2218629F960A000FBBC13 /* RMRequest.swift */ = {isa = PBXFileReference; lastKnownFileType = sourcecode.swift; path = RMRequest.swift; sourceTree = "<group>"; };
		42C2218829F9614E00FBBC13 /* RMEndpoint.swift */ = {isa = PBXFileReference; lastKnownFileType = sourcecode.swift; path = RMEndpoint.swift; sourceTree = "<group>"; };
		42C2218C29F98D1100FBBC13 /* RMGetAllCharacterRespons.swift */ = {isa = PBXFileReference; lastKnownFileType = sourcecode.swift; path = RMGetAllCharacterRespons.swift; sourceTree = "<group>"; };
		42C2218E29F99FDF00FBBC13 /* RMCharacterListViewViewModel.swift */ = {isa = PBXFileReference; lastKnownFileType = sourcecode.swift; path = RMCharacterListViewViewModel.swift; sourceTree = "<group>"; };
		42C2219029F9A04800FBBC13 /* RMCharacterListView.swift */ = {isa = PBXFileReference; lastKnownFileType = sourcecode.swift; path = RMCharacterListView.swift; sourceTree = "<group>"; };
		42C2219229FA78C200FBBC13 /* Extensions.swift */ = {isa = PBXFileReference; lastKnownFileType = sourcecode.swift; path = Extensions.swift; sourceTree = "<group>"; };
		42C2219429FAD26500FBBC13 /* RMCharacterCollectionViewCell.swift */ = {isa = PBXFileReference; lastKnownFileType = sourcecode.swift; path = RMCharacterCollectionViewCell.swift; sourceTree = "<group>"; };
		42C2219629FAD3AD00FBBC13 /* RMCharacterCollectionViewCellViewModel.swift */ = {isa = PBXFileReference; lastKnownFileType = sourcecode.swift; path = RMCharacterCollectionViewCellViewModel.swift; sourceTree = "<group>"; };
		42C2219929FFCD1E00FBBC13 /* RMCharacterDetailViewController.swift */ = {isa = PBXFileReference; lastKnownFileType = sourcecode.swift; path = RMCharacterDetailViewController.swift; sourceTree = "<group>"; };
		42C2219B29FFCE2A00FBBC13 /* RMCharacterDetailView.swift */ = {isa = PBXFileReference; lastKnownFileType = sourcecode.swift; path = RMCharacterDetailView.swift; sourceTree = "<group>"; };
		42C2219D29FFCE6400FBBC13 /* RMCharacterDetailViewViewModel.swift */ = {isa = PBXFileReference; lastKnownFileType = sourcecode.swift; path = RMCharacterDetailViewViewModel.swift; sourceTree = "<group>"; };
		42C2219F2A03CDD000FBBC13 /* RMFooterLoadingCollectionReusableView.swift */ = {isa = PBXFileReference; lastKnownFileType = sourcecode.swift; path = RMFooterLoadingCollectionReusableView.swift; sourceTree = "<group>"; };
		42C221A12A040EC400FBBC13 /* RMImageLoader.swift */ = {isa = PBXFileReference; lastKnownFileType = sourcecode.swift; path = RMImageLoader.swift; sourceTree = "<group>"; };
		42C221A52A05251800FBBC13 /* RMCharacterPhotoCollectionViewCell.swift */ = {isa = PBXFileReference; lastKnownFileType = sourcecode.swift; path = RMCharacterPhotoCollectionViewCell.swift; sourceTree = "<group>"; };
		42C221A72A05252B00FBBC13 /* RMCharacterInfoCollectionViewCell.swift */ = {isa = PBXFileReference; lastKnownFileType = sourcecode.swift; path = RMCharacterInfoCollectionViewCell.swift; sourceTree = "<group>"; };
		42C221A92A05253F00FBBC13 /* RMCharacterEpisodeCollectionViewCell.swift */ = {isa = PBXFileReference; lastKnownFileType = sourcecode.swift; path = RMCharacterEpisodeCollectionViewCell.swift; sourceTree = "<group>"; };
		42C221AC2A0525C000FBBC13 /* RMCharacterPhotoCollectionViewCellViewModel.swift */ = {isa = PBXFileReference; lastKnownFileType = sourcecode.swift; path = RMCharacterPhotoCollectionViewCellViewModel.swift; sourceTree = "<group>"; };
		42C221AE2A0525E400FBBC13 /* RMCharacterInfoCollectionViewCellViewModel.swift */ = {isa = PBXFileReference; lastKnownFileType = sourcecode.swift; path = RMCharacterInfoCollectionViewCellViewModel.swift; sourceTree = "<group>"; };
		42C221B02A0525F800FBBC13 /* RMCharacterEpisodeCollectionViewCellViewModel.swift */ = {isa = PBXFileReference; lastKnownFileType = sourcecode.swift; path = RMCharacterEpisodeCollectionViewCellViewModel.swift; sourceTree = "<group>"; };
		42C221B22A0A39A100FBBC13 /* RMEpisodeDetailViewController.swift */ = {isa = PBXFileReference; lastKnownFileType = sourcecode.swift; path = RMEpisodeDetailViewController.swift; sourceTree = "<group>"; };
		42C221B42A0A8E3400FBBC13 /* RMAPICacheManager.swift */ = {isa = PBXFileReference; lastKnownFileType = sourcecode.swift; path = RMAPICacheManager.swift; sourceTree = "<group>"; };
		42C221B72A0A97CF00FBBC13 /* RMEpisodeDetailViewViewModel.swift */ = {isa = PBXFileReference; lastKnownFileType = sourcecode.swift; path = RMEpisodeDetailViewViewModel.swift; sourceTree = "<group>"; };
		42C221B92A0A984A00FBBC13 /* RMEpisodeDetailView.swift */ = {isa = PBXFileReference; lastKnownFileType = sourcecode.swift; path = RMEpisodeDetailView.swift; sourceTree = "<group>"; };
/* End PBXFileReference section */

/* Begin PBXFrameworksBuildPhase section */
		4229C0D729F94F2A006ADFE4 /* Frameworks */ = {
			isa = PBXFrameworksBuildPhase;
			buildActionMask = 2147483647;
			files = (
			);
			runOnlyForDeploymentPostprocessing = 0;
		};
/* End PBXFrameworksBuildPhase section */

/* Begin PBXGroup section */
		4229C0D129F94F2A006ADFE4 = {
			isa = PBXGroup;
			children = (
				4229C0DC29F94F2A006ADFE4 /* RickAndMorty */,
				4229C0DB29F94F2A006ADFE4 /* Products */,
			);
			sourceTree = "<group>";
		};
		4229C0DB29F94F2A006ADFE4 /* Products */ = {
			isa = PBXGroup;
			children = (
				4229C0DA29F94F2A006ADFE4 /* RickAndMorty.app */,
			);
			name = Products;
			sourceTree = "<group>";
		};
		4229C0DC29F94F2A006ADFE4 /* RickAndMorty */ = {
			isa = PBXGroup;
			children = (
				4229C0F629F950FF006ADFE4 /* Resources */,
				4229C0F529F950EB006ADFE4 /* Managers */,
				4229C0F429F950DE006ADFE4 /* APIClient */,
				4229C0F729F9514B006ADFE4 /* ViewModels */,
				4229C0F329F950CD006ADFE4 /* Views */,
				4229C0F229F950BD006ADFE4 /* Models */,
				4229C0F129F950B1006ADFE4 /* Controllers */,
				4229C0EB29F94F32006ADFE4 /* Info.plist */,
			);
			path = RickAndMorty;
			sourceTree = "<group>";
		};
		4229C0F129F950B1006ADFE4 /* Controllers */ = {
			isa = PBXGroup;
			children = (
				42C2219829FFCD0000FBBC13 /* Other */,
				4229C0FE29F95248006ADFE4 /* Core */,
			);
			path = Controllers;
			sourceTree = "<group>";
		};
		4229C0F229F950BD006ADFE4 /* Models */ = {
			isa = PBXGroup;
			children = (
				42C2218B29F98CE800FBBC13 /* APIResponseTypes */,
				42C2218A29F98CC000FBBC13 /* Data Types */,
			);
			path = Models;
			sourceTree = "<group>";
		};
		4229C0F329F950CD006ADFE4 /* Views */ = {
			isa = PBXGroup;
			children = (
				42C221A42A0524D500FBBC13 /* Characters */,
				42C221A32A05249700FBBC13 /* ChacarcterDetails */,
				42C221B62A0A974300FBBC13 /* EpisodeDetails */,
				42C2219F2A03CDD000FBBC13 /* RMFooterLoadingCollectionReusableView.swift */,
				42C221B92A0A984A00FBBC13 /* RMEpisodeDetailView.swift */,
			);
			path = Views;
			sourceTree = "<group>";
		};
		4229C0F429F950DE006ADFE4 /* APIClient */ = {
			isa = PBXGroup;
			children = (
				42C2218429F9608000FBBC13 /* RMService.swift */,
				42C2218629F960A000FBBC13 /* RMRequest.swift */,
				42C2218829F9614E00FBBC13 /* RMEndpoint.swift */,
			);
			path = APIClient;
			sourceTree = "<group>";
		};
		4229C0F529F950EB006ADFE4 /* Managers */ = {
			isa = PBXGroup;
			children = (
				42C221A12A040EC400FBBC13 /* RMImageLoader.swift */,
				42C221B42A0A8E3400FBBC13 /* RMAPICacheManager.swift */,
			);
			path = Managers;
			sourceTree = "<group>";
		};
		4229C0F629F950FF006ADFE4 /* Resources */ = {
			isa = PBXGroup;
			children = (
				4229C0E629F94F32006ADFE4 /* Assets.xcassets */,
				4229C0E829F94F32006ADFE4 /* LaunchScreen.storyboard */,
				4229C0DD29F94F2A006ADFE4 /* AppDelegate.swift */,
				4229C0DF29F94F2A006ADFE4 /* SceneDelegate.swift */,
				42C2219229FA78C200FBBC13 /* Extensions.swift */,
			);
			path = Resources;
			sourceTree = "<group>";
		};
		4229C0F729F9514B006ADFE4 /* ViewModels */ = {
			isa = PBXGroup;
			children = (
				42C221AB2A05256E00FBBC13 /* CharacterDetails */,
				42C2218E29F99FDF00FBBC13 /* RMCharacterListViewViewModel.swift */,
				42C2219629FAD3AD00FBBC13 /* RMCharacterCollectionViewCellViewModel.swift */,
				42C221B72A0A97CF00FBBC13 /* RMEpisodeDetailViewViewModel.swift */,
			);
			path = ViewModels;
			sourceTree = "<group>";
		};
		4229C0FE29F95248006ADFE4 /* Core */ = {
			isa = PBXGroup;
			children = (
				4229C0E129F94F2A006ADFE4 /* RMTabBarController.swift */,
				4229C0FF29F9526B006ADFE4 /* RMCharactersViewController.swift */,
				4229C10129F95280006ADFE4 /* RMLocationsViewController.swift */,
				4229C10329F95293006ADFE4 /* RMEpisodesViewController.swift */,
				4229C10529F952AF006ADFE4 /* RMSettingsViewController.swift */,
			);
			path = Core;
			sourceTree = "<group>";
		};
		42C2218A29F98CC000FBBC13 /* Data Types */ = {
			isa = PBXGroup;
			children = (
				4229C0F829F951AA006ADFE4 /* RMLocation.swift */,
				4229C0FA29F951B8006ADFE4 /* RMCharacter.swift */,
				4229C0FC29F951D0006ADFE4 /* RMEpisode.swift */,
			);
			path = "Data Types";
			sourceTree = "<group>";
		};
		42C2218B29F98CE800FBBC13 /* APIResponseTypes */ = {
			isa = PBXGroup;
			children = (
				42C2218C29F98D1100FBBC13 /* RMGetAllCharacterRespons.swift */,
			);
			path = APIResponseTypes;
			sourceTree = "<group>";
		};
		42C2219829FFCD0000FBBC13 /* Other */ = {
			isa = PBXGroup;
			children = (
				42C2219929FFCD1E00FBBC13 /* RMCharacterDetailViewController.swift */,
				42C221B22A0A39A100FBBC13 /* RMEpisodeDetailViewController.swift */,
			);
			path = Other;
			sourceTree = "<group>";
		};
		42C221A32A05249700FBBC13 /* ChacarcterDetails */ = {
			isa = PBXGroup;
			children = (
				42C2219B29FFCE2A00FBBC13 /* RMCharacterDetailView.swift */,
				42C221A52A05251800FBBC13 /* RMCharacterPhotoCollectionViewCell.swift */,
				42C221A72A05252B00FBBC13 /* RMCharacterInfoCollectionViewCell.swift */,
				42C221A92A05253F00FBBC13 /* RMCharacterEpisodeCollectionViewCell.swift */,
			);
			path = ChacarcterDetails;
			sourceTree = "<group>";
		};
		42C221A42A0524D500FBBC13 /* Characters */ = {
			isa = PBXGroup;
			children = (
				42C2219029F9A04800FBBC13 /* RMCharacterListView.swift */,
				42C2219429FAD26500FBBC13 /* RMCharacterCollectionViewCell.swift */,
			);
			path = Characters;
			sourceTree = "<group>";
		};
		42C221AB2A05256E00FBBC13 /* CharacterDetails */ = {
			isa = PBXGroup;
			children = (
				42C2219D29FFCE6400FBBC13 /* RMCharacterDetailViewViewModel.swift */,
				42C221AC2A0525C000FBBC13 /* RMCharacterPhotoCollectionViewCellViewModel.swift */,
				42C221AE2A0525E400FBBC13 /* RMCharacterInfoCollectionViewCellViewModel.swift */,
				42C221B02A0525F800FBBC13 /* RMCharacterEpisodeCollectionViewCellViewModel.swift */,
			);
			path = CharacterDetails;
			sourceTree = "<group>";
		};
		42C221B62A0A974300FBBC13 /* EpisodeDetails */ = {
			isa = PBXGroup;
			children = (
			);
			path = EpisodeDetails;
			sourceTree = "<group>";
		};
/* End PBXGroup section */

/* Begin PBXNativeTarget section */
		4229C0D929F94F2A006ADFE4 /* RickAndMorty */ = {
			isa = PBXNativeTarget;
			buildConfigurationList = 4229C0EE29F94F32006ADFE4 /* Build configuration list for PBXNativeTarget "RickAndMorty" */;
			buildPhases = (
				4229C0D629F94F2A006ADFE4 /* Sources */,
				4229C0D729F94F2A006ADFE4 /* Frameworks */,
				4229C0D829F94F2A006ADFE4 /* Resources */,
			);
			buildRules = (
			);
			dependencies = (
			);
			name = RickAndMorty;
			productName = RickAndMorty;
			productReference = 4229C0DA29F94F2A006ADFE4 /* RickAndMorty.app */;
			productType = "com.apple.product-type.application";
		};
/* End PBXNativeTarget section */

/* Begin PBXProject section */
		4229C0D229F94F2A006ADFE4 /* Project object */ = {
			isa = PBXProject;
			attributes = {
				BuildIndependentTargetsInParallel = 1;
				LastSwiftUpdateCheck = 1420;
				LastUpgradeCheck = 1420;
				TargetAttributes = {
					4229C0D929F94F2A006ADFE4 = {
						CreatedOnToolsVersion = 14.2;
					};
				};
			};
			buildConfigurationList = 4229C0D529F94F2A006ADFE4 /* Build configuration list for PBXProject "RickAndMorty" */;
			compatibilityVersion = "Xcode 14.0";
			developmentRegion = en;
			hasScannedForEncodings = 0;
			knownRegions = (
				en,
				Base,
			);
			mainGroup = 4229C0D129F94F2A006ADFE4;
			productRefGroup = 4229C0DB29F94F2A006ADFE4 /* Products */;
			projectDirPath = "";
			projectRoot = "";
			targets = (
				4229C0D929F94F2A006ADFE4 /* RickAndMorty */,
			);
		};
/* End PBXProject section */

/* Begin PBXResourcesBuildPhase section */
		4229C0D829F94F2A006ADFE4 /* Resources */ = {
			isa = PBXResourcesBuildPhase;
			buildActionMask = 2147483647;
			files = (
				4229C0EA29F94F32006ADFE4 /* LaunchScreen.storyboard in Resources */,
				4229C0E729F94F32006ADFE4 /* Assets.xcassets in Resources */,
			);
			runOnlyForDeploymentPostprocessing = 0;
		};
/* End PBXResourcesBuildPhase section */

/* Begin PBXSourcesBuildPhase section */
		4229C0D629F94F2A006ADFE4 /* Sources */ = {
			isa = PBXSourcesBuildPhase;
			buildActionMask = 2147483647;
			files = (
				4229C10429F95293006ADFE4 /* RMEpisodesViewController.swift in Sources */,
				42C221AD2A0525C000FBBC13 /* RMCharacterPhotoCollectionViewCellViewModel.swift in Sources */,
				42C221A82A05252B00FBBC13 /* RMCharacterInfoCollectionViewCell.swift in Sources */,
				4229C0FD29F951D0006ADFE4 /* RMEpisode.swift in Sources */,
				4229C0E229F94F2A006ADFE4 /* RMTabBarController.swift in Sources */,
				42C221B82A0A97CF00FBBC13 /* RMEpisodeDetailViewViewModel.swift in Sources */,
				42C221A22A040EC400FBBC13 /* RMImageLoader.swift in Sources */,
				42C221A62A05251800FBBC13 /* RMCharacterPhotoCollectionViewCell.swift in Sources */,
				4229C0DE29F94F2A006ADFE4 /* AppDelegate.swift in Sources */,
				42C2219729FAD3AD00FBBC13 /* RMCharacterCollectionViewCellViewModel.swift in Sources */,
				42C221A02A03CDD000FBBC13 /* RMFooterLoadingCollectionReusableView.swift in Sources */,
				42C221B12A0525F800FBBC13 /* RMCharacterEpisodeCollectionViewCellViewModel.swift in Sources */,
				42C221AF2A0525E400FBBC13 /* RMCharacterInfoCollectionViewCellViewModel.swift in Sources */,
				4229C0E029F94F2A006ADFE4 /* SceneDelegate.swift in Sources */,
				42C2219A29FFCD1E00FBBC13 /* RMCharacterDetailViewController.swift in Sources */,
				4229C10229F95280006ADFE4 /* RMLocationsViewController.swift in Sources */,
				42C221B32A0A39A200FBBC13 /* RMEpisodeDetailViewController.swift in Sources */,
				42C2219C29FFCE2A00FBBC13 /* RMCharacterDetailView.swift in Sources */,
				42C2219129F9A04800FBBC13 /* RMCharacterListView.swift in Sources */,
				4229C10629F952AF006ADFE4 /* RMSettingsViewController.swift in Sources */,
				42C2218529F9608000FBBC13 /* RMService.swift in Sources */,
				4229C0F929F951AA006ADFE4 /* RMLocation.swift in Sources */,
				42C2219E29FFCE6400FBBC13 /* RMCharacterDetailViewViewModel.swift in Sources */,
				42C2218929F9614E00FBBC13 /* RMEndpoint.swift in Sources */,
				42C2218F29F99FDF00FBBC13 /* RMCharacterListViewViewModel.swift in Sources */,
				42C2218D29F98D1100FBBC13 /* RMGetAllCharacterRespons.swift in Sources */,
				42C221BA2A0A984A00FBBC13 /* RMEpisodeDetailView.swift in Sources */,
				42C221AA2A05253F00FBBC13 /* RMCharacterEpisodeCollectionViewCell.swift in Sources */,
				42C221B52A0A8E3600FBBC13 /* RMAPICacheManager.swift in Sources */,
				4229C10029F9526B006ADFE4 /* RMCharactersViewController.swift in Sources */,
				42C2219329FA78C200FBBC13 /* Extensions.swift in Sources */,
				42C2218729F960A000FBBC13 /* RMRequest.swift in Sources */,
				4229C0FB29F951B8006ADFE4 /* RMCharacter.swift in Sources */,
				42C2219529FAD26500FBBC13 /* RMCharacterCollectionViewCell.swift in Sources */,
			);
			runOnlyForDeploymentPostprocessing = 0;
		};
/* End PBXSourcesBuildPhase section */

/* Begin PBXVariantGroup section */
		4229C0E829F94F32006ADFE4 /* LaunchScreen.storyboard */ = {
			isa = PBXVariantGroup;
			children = (
				4229C0E929F94F32006ADFE4 /* Base */,
			);
			name = LaunchScreen.storyboard;
			sourceTree = "<group>";
		};
/* End PBXVariantGroup section */

/* Begin XCBuildConfiguration section */
		4229C0EC29F94F32006ADFE4 /* Debug */ = {
			isa = XCBuildConfiguration;
			buildSettings = {
				ALWAYS_SEARCH_USER_PATHS = NO;
				CLANG_ANALYZER_NONNULL = YES;
				CLANG_ANALYZER_NUMBER_OBJECT_CONVERSION = YES_AGGRESSIVE;
				CLANG_CXX_LANGUAGE_STANDARD = "gnu++20";
				CLANG_ENABLE_MODULES = YES;
				CLANG_ENABLE_OBJC_ARC = YES;
				CLANG_ENABLE_OBJC_WEAK = YES;
				CLANG_WARN_BLOCK_CAPTURE_AUTORELEASING = YES;
				CLANG_WARN_BOOL_CONVERSION = YES;
				CLANG_WARN_COMMA = YES;
				CLANG_WARN_CONSTANT_CONVERSION = YES;
				CLANG_WARN_DEPRECATED_OBJC_IMPLEMENTATIONS = YES;
				CLANG_WARN_DIRECT_OBJC_ISA_USAGE = YES_ERROR;
				CLANG_WARN_DOCUMENTATION_COMMENTS = YES;
				CLANG_WARN_EMPTY_BODY = YES;
				CLANG_WARN_ENUM_CONVERSION = YES;
				CLANG_WARN_INFINITE_RECURSION = YES;
				CLANG_WARN_INT_CONVERSION = YES;
				CLANG_WARN_NON_LITERAL_NULL_CONVERSION = YES;
				CLANG_WARN_OBJC_IMPLICIT_RETAIN_SELF = YES;
				CLANG_WARN_OBJC_LITERAL_CONVERSION = YES;
				CLANG_WARN_OBJC_ROOT_CLASS = YES_ERROR;
				CLANG_WARN_QUOTED_INCLUDE_IN_FRAMEWORK_HEADER = YES;
				CLANG_WARN_RANGE_LOOP_ANALYSIS = YES;
				CLANG_WARN_STRICT_PROTOTYPES = YES;
				CLANG_WARN_SUSPICIOUS_MOVE = YES;
				CLANG_WARN_UNGUARDED_AVAILABILITY = YES_AGGRESSIVE;
				CLANG_WARN_UNREACHABLE_CODE = YES;
				CLANG_WARN__DUPLICATE_METHOD_MATCH = YES;
				COPY_PHASE_STRIP = NO;
				DEBUG_INFORMATION_FORMAT = dwarf;
				ENABLE_STRICT_OBJC_MSGSEND = YES;
				ENABLE_TESTABILITY = YES;
				GCC_C_LANGUAGE_STANDARD = gnu11;
				GCC_DYNAMIC_NO_PIC = NO;
				GCC_NO_COMMON_BLOCKS = YES;
				GCC_OPTIMIZATION_LEVEL = 0;
				GCC_PREPROCESSOR_DEFINITIONS = (
					"DEBUG=1",
					"$(inherited)",
				);
				GCC_WARN_64_TO_32_BIT_CONVERSION = YES;
				GCC_WARN_ABOUT_RETURN_TYPE = YES_ERROR;
				GCC_WARN_UNDECLARED_SELECTOR = YES;
				GCC_WARN_UNINITIALIZED_AUTOS = YES_AGGRESSIVE;
				GCC_WARN_UNUSED_FUNCTION = YES;
				GCC_WARN_UNUSED_VARIABLE = YES;
				IPHONEOS_DEPLOYMENT_TARGET = 16.2;
				MTL_ENABLE_DEBUG_INFO = INCLUDE_SOURCE;
				MTL_FAST_MATH = YES;
				ONLY_ACTIVE_ARCH = YES;
				SDKROOT = iphoneos;
				SWIFT_ACTIVE_COMPILATION_CONDITIONS = DEBUG;
				SWIFT_OPTIMIZATION_LEVEL = "-Onone";
			};
			name = Debug;
		};
		4229C0ED29F94F32006ADFE4 /* Release */ = {
			isa = XCBuildConfiguration;
			buildSettings = {
				ALWAYS_SEARCH_USER_PATHS = NO;
				CLANG_ANALYZER_NONNULL = YES;
				CLANG_ANALYZER_NUMBER_OBJECT_CONVERSION = YES_AGGRESSIVE;
				CLANG_CXX_LANGUAGE_STANDARD = "gnu++20";
				CLANG_ENABLE_MODULES = YES;
				CLANG_ENABLE_OBJC_ARC = YES;
				CLANG_ENABLE_OBJC_WEAK = YES;
				CLANG_WARN_BLOCK_CAPTURE_AUTORELEASING = YES;
				CLANG_WARN_BOOL_CONVERSION = YES;
				CLANG_WARN_COMMA = YES;
				CLANG_WARN_CONSTANT_CONVERSION = YES;
				CLANG_WARN_DEPRECATED_OBJC_IMPLEMENTATIONS = YES;
				CLANG_WARN_DIRECT_OBJC_ISA_USAGE = YES_ERROR;
				CLANG_WARN_DOCUMENTATION_COMMENTS = YES;
				CLANG_WARN_EMPTY_BODY = YES;
				CLANG_WARN_ENUM_CONVERSION = YES;
				CLANG_WARN_INFINITE_RECURSION = YES;
				CLANG_WARN_INT_CONVERSION = YES;
				CLANG_WARN_NON_LITERAL_NULL_CONVERSION = YES;
				CLANG_WARN_OBJC_IMPLICIT_RETAIN_SELF = YES;
				CLANG_WARN_OBJC_LITERAL_CONVERSION = YES;
				CLANG_WARN_OBJC_ROOT_CLASS = YES_ERROR;
				CLANG_WARN_QUOTED_INCLUDE_IN_FRAMEWORK_HEADER = YES;
				CLANG_WARN_RANGE_LOOP_ANALYSIS = YES;
				CLANG_WARN_STRICT_PROTOTYPES = YES;
				CLANG_WARN_SUSPICIOUS_MOVE = YES;
				CLANG_WARN_UNGUARDED_AVAILABILITY = YES_AGGRESSIVE;
				CLANG_WARN_UNREACHABLE_CODE = YES;
				CLANG_WARN__DUPLICATE_METHOD_MATCH = YES;
				COPY_PHASE_STRIP = NO;
				DEBUG_INFORMATION_FORMAT = "dwarf-with-dsym";
				ENABLE_NS_ASSERTIONS = NO;
				ENABLE_STRICT_OBJC_MSGSEND = YES;
				GCC_C_LANGUAGE_STANDARD = gnu11;
				GCC_NO_COMMON_BLOCKS = YES;
				GCC_WARN_64_TO_32_BIT_CONVERSION = YES;
				GCC_WARN_ABOUT_RETURN_TYPE = YES_ERROR;
				GCC_WARN_UNDECLARED_SELECTOR = YES;
				GCC_WARN_UNINITIALIZED_AUTOS = YES_AGGRESSIVE;
				GCC_WARN_UNUSED_FUNCTION = YES;
				GCC_WARN_UNUSED_VARIABLE = YES;
				IPHONEOS_DEPLOYMENT_TARGET = 16.2;
				MTL_ENABLE_DEBUG_INFO = NO;
				MTL_FAST_MATH = YES;
				SDKROOT = iphoneos;
				SWIFT_COMPILATION_MODE = wholemodule;
				SWIFT_OPTIMIZATION_LEVEL = "-O";
				VALIDATE_PRODUCT = YES;
			};
			name = Release;
		};
		4229C0EF29F94F32006ADFE4 /* Debug */ = {
			isa = XCBuildConfiguration;
			buildSettings = {
				ASSETCATALOG_COMPILER_APPICON_NAME = AppIcon;
				ASSETCATALOG_COMPILER_GLOBAL_ACCENT_COLOR_NAME = AccentColor;
				CODE_SIGN_STYLE = Automatic;
				CURRENT_PROJECT_VERSION = 1;
				DEVELOPMENT_TEAM = 3FACLSXXJM;
				GENERATE_INFOPLIST_FILE = YES;
				INFOPLIST_FILE = RickAndMorty/Info.plist;
				INFOPLIST_KEY_UIApplicationSupportsIndirectInputEvents = YES;
				INFOPLIST_KEY_UILaunchStoryboardName = LaunchScreen;
				INFOPLIST_KEY_UISupportedInterfaceOrientations_iPad = "UIInterfaceOrientationPortrait UIInterfaceOrientationPortraitUpsideDown UIInterfaceOrientationLandscapeLeft UIInterfaceOrientationLandscapeRight";
				INFOPLIST_KEY_UISupportedInterfaceOrientations_iPhone = "UIInterfaceOrientationPortrait UIInterfaceOrientationLandscapeLeft UIInterfaceOrientationLandscapeRight";
				LD_RUNPATH_SEARCH_PATHS = (
					"$(inherited)",
					"@executable_path/Frameworks",
				);
				MARKETING_VERSION = 1.0;
				PRODUCT_BUNDLE_IDENTIFIER = com.jakubzajda.RickAndMorty;
				PRODUCT_NAME = "$(TARGET_NAME)";
				SWIFT_EMIT_LOC_STRINGS = YES;
				SWIFT_VERSION = 5.0;
				TARGETED_DEVICE_FAMILY = "1,2";
			};
			name = Debug;
		};
		4229C0F029F94F32006ADFE4 /* Release */ = {
			isa = XCBuildConfiguration;
			buildSettings = {
				ASSETCATALOG_COMPILER_APPICON_NAME = AppIcon;
				ASSETCATALOG_COMPILER_GLOBAL_ACCENT_COLOR_NAME = AccentColor;
				CODE_SIGN_STYLE = Automatic;
				CURRENT_PROJECT_VERSION = 1;
				DEVELOPMENT_TEAM = 3FACLSXXJM;
				GENERATE_INFOPLIST_FILE = YES;
				INFOPLIST_FILE = RickAndMorty/Info.plist;
				INFOPLIST_KEY_UIApplicationSupportsIndirectInputEvents = YES;
				INFOPLIST_KEY_UILaunchStoryboardName = LaunchScreen;
				INFOPLIST_KEY_UISupportedInterfaceOrientations_iPad = "UIInterfaceOrientationPortrait UIInterfaceOrientationPortraitUpsideDown UIInterfaceOrientationLandscapeLeft UIInterfaceOrientationLandscapeRight";
				INFOPLIST_KEY_UISupportedInterfaceOrientations_iPhone = "UIInterfaceOrientationPortrait UIInterfaceOrientationLandscapeLeft UIInterfaceOrientationLandscapeRight";
				LD_RUNPATH_SEARCH_PATHS = (
					"$(inherited)",
					"@executable_path/Frameworks",
				);
				MARKETING_VERSION = 1.0;
				PRODUCT_BUNDLE_IDENTIFIER = com.jakubzajda.RickAndMorty;
				PRODUCT_NAME = "$(TARGET_NAME)";
				SWIFT_EMIT_LOC_STRINGS = YES;
				SWIFT_VERSION = 5.0;
				TARGETED_DEVICE_FAMILY = "1,2";
			};
			name = Release;
		};
/* End XCBuildConfiguration section */

/* Begin XCConfigurationList section */
		4229C0D529F94F2A006ADFE4 /* Build configuration list for PBXProject "RickAndMorty" */ = {
			isa = XCConfigurationList;
			buildConfigurations = (
				4229C0EC29F94F32006ADFE4 /* Debug */,
				4229C0ED29F94F32006ADFE4 /* Release */,
			);
			defaultConfigurationIsVisible = 0;
			defaultConfigurationName = Release;
		};
		4229C0EE29F94F32006ADFE4 /* Build configuration list for PBXNativeTarget "RickAndMorty" */ = {
			isa = XCConfigurationList;
			buildConfigurations = (
				4229C0EF29F94F32006ADFE4 /* Debug */,
				4229C0F029F94F32006ADFE4 /* Release */,
			);
			defaultConfigurationIsVisible = 0;
			defaultConfigurationName = Release;
		};
/* End XCConfigurationList section */
	};
	rootObject = 4229C0D229F94F2A006ADFE4 /* Project object */;
}
